
Microsoft Visual Studio Solution File, Format Version 12.00
# Visual Studio 15
Project("{FAE04EC0-301F-11D3-BF4B-00C04F79EFBC}") = "UniHumanoid", "UniHumanoid.csproj", "{68C01890-3802-8CC5-BA68-9EC1169E3D11}"
EndProject
Project("{FAE04EC0-301F-11D3-BF4B-00C04F79EFBC}") = "VRM10.Editor", "VRM10.Editor.csproj", "{5AEDED4D-F547-B443-9799-F7AF57E3CDAC}"
EndProject
Project("{FAE04EC0-301F-11D3-BF4B-00C04F79EFBC}") = "UniGLTF.Editor", "UniGLTF.Editor.csproj", "{A1CD8138-001B-45F3-C979-023C69DAA06F}"
EndProject
Project("{FAE04EC0-301F-11D3-BF4B-00C04F79EFBC}") = "UniGLTF", "UniGLTF.csproj", "{4F9725CC-79A4-6E18-96BB-935C1DFFBBD6}"
EndProject
Project("{FAE04EC0-301F-11D3-BF4B-00C04F79EFBC}") = "VRM10", "VRM10.csproj", "{148C8E72-02D1-5B5E-441E-A365220B80CC}"
EndProject
Project("{FAE04EC0-301F-11D3-BF4B-00C04F79EFBC}") = "UniVRM.Editor", "UniVRM.Editor.csproj", "{86C12091-5B8F-5895-0EA8-62ED6950AAD7}"
EndProject
Project("{FAE04EC0-301F-11D3-BF4B-00C04F79EFBC}") = "VRM", "VRM.csproj", "{CA158C50-B7D0-F7CA-7E2A-81216513F03F}"
EndProject
Project("{FAE04EC0-301F-11D3-BF4B-00C04F79EFBC}") = "SpringBoneJobs", "SpringBoneJobs.csproj", "{DBA19026-9B69-F741-6F81-596F563EDDB5}"
EndProject
Project("{FAE04EC0-301F-11D3-BF4B-00C04F79EFBC}") = "VrmLibTests", "VrmLibTests.csproj", "{1BBABE01-7EA4-56BF-0405-460A19FA12DC}"
EndProject
Project("{FAE04EC0-301F-11D3-BF4B-00C04F79EFBC}") = "VrmLib", "VrmLib.csproj", "{40CD7DDD-C2E9-B411-C18D-0120517FA0CD}"
EndProject
Project("{FAE04EC0-301F-11D3-BF4B-00C04F79EFBC}") = "MToon.Editor", "MToon.Editor.csproj", "{5101E3C7-9841-5ADE-9CF1-6B163C5EB092}"
EndProject
Project("{FAE04EC0-301F-11D3-BF4B-00C04F79EFBC}") = "UniGLTF.Tests", "UniGLTF.Tests.csproj", "{3A80F389-C5FC-63DD-89B9-620309460968}"
EndProject
Project("{FAE04EC0-301F-11D3-BF4B-00C04F79EFBC}") = "VRM10.MToon10", "VRM10.MToon10.csproj", "{7FAD1B26-2088-BC60-D148-9D68C1B96A15}"
EndProject
Project("{FAE04EC0-301F-11D3-BF4B-00C04F79EFBC}") = "Assembly-CSharp", "Assembly-CSharp.csproj", "{484524B8-2FDA-F32E-25C3-63D6E80CFD62}"
EndProject
Project("{FAE04EC0-301F-11D3-BF4B-00C04F79EFBC}") = "UniGLTF.Utils", "UniGLTF.Utils.csproj", "{70F75AB2-B19A-5B4B-F779-75FCB09540E9}"
EndProject
Project("{FAE04EC0-301F-11D3-BF4B-00C04F79EFBC}") = "Assembly-CSharp-Editor", "Assembly-CSharp-Editor.csproj", "{B7AA4ADE-7745-3945-2ABC-D8B04E8A301E}"
EndProject
Project("{FAE04EC0-301F-11D3-BF4B-00C04F79EFBC}") = "VRM.Samples.Editor.Tests", "VRM.Samples.Editor.Tests.csproj", "{C40A7EC4-4287-49F5-4E9D-FA9468759B9C}"
EndProject
Project("{FAE04EC0-301F-11D3-BF4B-00C04F79EFBC}") = "MToon", "MToon.csproj", "{59CC8B93-1771-0C88-5620-BCBD6815EE07}"
EndProject
Project("{FAE04EC0-301F-11D3-BF4B-00C04F79EFBC}") = "VRM.Tests", "VRM.Tests.csproj", "{0AD6392C-158B-3C98-1DB6-B70DCC9893DF}"
EndProject
Project("{FAE04EC0-301F-11D3-BF4B-00C04F79EFBC}") = "UniHumanoid.Editor", "UniHumanoid.Editor.csproj", "{7DDE54D7-E6DF-D8AB-60E6-C708DE56D077}"
EndProject
Project("{FAE04EC0-301F-11D3-BF4B-00C04F79EFBC}") = "VRM10.MToon10.Editor", "VRM10.MToon10.Editor.csproj", "{EA485265-2B60-2E9E-8B41-23927158079F}"
EndProject
Project("{FAE04EC0-301F-11D3-BF4B-00C04F79EFBC}") = "VRM10.Tests", "VRM10.Tests.csproj", "{F6424331-DE36-CE12-21A8-5FCE016EC049}"
EndProject
Project("{FAE04EC0-301F-11D3-BF4B-00C04F79EFBC}") = "UniGLTF.UniUnlit", "UniGLTF.UniUnlit.csproj", "{7754B203-94CD-7DF6-9DE4-103B4D6773B8}"
EndProject
Project("{FAE04EC0-301F-11D3-BF4B-00C04F79EFBC}") = "UniGLTF.UniUnlit.Editor", "UniGLTF.UniUnlit.Editor.csproj", "{049FC73E-8EBD-0D7B-A0AF-B7759B53887F}"
EndProject
Project("{FAE04EC0-301F-11D3-BF4B-00C04F79EFBC}") = "VRM10.MToon10.Tests", "VRM10.MToon10.Tests.csproj", "{67AB8E55-199A-F305-965B-1B659523BEE6}"
EndProject
Project("{FAE04EC0-301F-11D3-BF4B-00C04F79EFBC}") = "FastSpringBone10", "FastSpringBone10.csproj", "{61EF650F-C792-C98A-F413-FCD922C1C732}"
EndProject
Project("{FAE04EC0-301F-11D3-BF4B-00C04F79EFBC}") = "UniHumanoid.Editor.Tests", "UniHumanoid.Editor.Tests.csproj", "{5A9008D6-55FF-B9E0-B98D-52512268EF66}"
EndProject
Global
	GlobalSection(SolutionConfigurationPlatforms) = preSolution
		Debug|Any CPU = Debug|Any CPU
		Release|Any CPU = Release|Any CPU
	EndGlobalSection
	GlobalSection(ProjectConfigurationPlatforms) = postSolution
		{68C01890-3802-8CC5-BA68-9EC1169E3D11}.Debug|Any CPU.ActiveCfg = Debug|Any CPU
		{68C01890-3802-8CC5-BA68-9EC1169E3D11}.Debug|Any CPU.Build.0 = Debug|Any CPU
		{68C01890-3802-8CC5-BA68-9EC1169E3D11}.Release|Any CPU.ActiveCfg = Release|Any CPU
		{68C01890-3802-8CC5-BA68-9EC1169E3D11}.Release|Any CPU.Build.0 = Release|Any CPU
		{5AEDED4D-F547-B443-9799-F7AF57E3CDAC}.Debug|Any CPU.ActiveCfg = Debug|Any CPU
		{5AEDED4D-F547-B443-9799-F7AF57E3CDAC}.Debug|Any CPU.Build.0 = Debug|Any CPU
		{5AEDED4D-F547-B443-9799-F7AF57E3CDAC}.Release|Any CPU.ActiveCfg = Release|Any CPU
		{5AEDED4D-F547-B443-9799-F7AF57E3CDAC}.Release|Any CPU.Build.0 = Release|Any CPU
		{A1CD8138-001B-45F3-C979-023C69DAA06F}.Debug|Any CPU.ActiveCfg = Debug|Any CPU
		{A1CD8138-001B-45F3-C979-023C69DAA06F}.Debug|Any CPU.Build.0 = Debug|Any CPU
		{A1CD8138-001B-45F3-C979-023C69DAA06F}.Release|Any CPU.ActiveCfg = Release|Any CPU
		{A1CD8138-001B-45F3-C979-023C69DAA06F}.Release|Any CPU.Build.0 = Release|Any CPU
		{4F9725CC-79A4-6E18-96BB-935C1DFFBBD6}.Debug|Any CPU.ActiveCfg = Debug|Any CPU
		{4F9725CC-79A4-6E18-96BB-935C1DFFBBD6}.Debug|Any CPU.Build.0 = Debug|Any CPU
		{4F9725CC-79A4-6E18-96BB-935C1DFFBBD6}.Release|Any CPU.ActiveCfg = Release|Any CPU
		{4F9725CC-79A4-6E18-96BB-935C1DFFBBD6}.Release|Any CPU.Build.0 = Release|Any CPU
		{148C8E72-02D1-5B5E-441E-A365220B80CC}.Debug|Any CPU.ActiveCfg = Debug|Any CPU
		{148C8E72-02D1-5B5E-441E-A365220B80CC}.Debug|Any CPU.Build.0 = Debug|Any CPU
		{148C8E72-02D1-5B5E-441E-A365220B80CC}.Release|Any CPU.ActiveCfg = Release|Any CPU
		{148C8E72-02D1-5B5E-441E-A365220B80CC}.Release|Any CPU.Build.0 = Release|Any CPU
		{86C12091-5B8F-5895-0EA8-62ED6950AAD7}.Debug|Any CPU.ActiveCfg = Debug|Any CPU
		{86C12091-5B8F-5895-0EA8-62ED6950AAD7}.Debug|Any CPU.Build.0 = Debug|Any CPU
		{86C12091-5B8F-5895-0EA8-62ED6950AAD7}.Release|Any CPU.ActiveCfg = Release|Any CPU
		{86C12091-5B8F-5895-0EA8-62ED6950AAD7}.Release|Any CPU.Build.0 = Release|Any CPU
		{CA158C50-B7D0-F7CA-7E2A-81216513F03F}.Debug|Any CPU.ActiveCfg = Debug|Any CPU
		{CA158C50-B7D0-F7CA-7E2A-81216513F03F}.Debug|Any CPU.Build.0 = Debug|Any CPU
		{CA158C50-B7D0-F7CA-7E2A-81216513F03F}.Release|Any CPU.ActiveCfg = Release|Any CPU
		{CA158C50-B7D0-F7CA-7E2A-81216513F03F}.Release|Any CPU.Build.0 = Release|Any CPU
		{DBA19026-9B69-F741-6F81-596F563EDDB5}.Debug|Any CPU.ActiveCfg = Debug|Any CPU
		{DBA19026-9B69-F741-6F81-596F563EDDB5}.Debug|Any CPU.Build.0 = Debug|Any CPU
		{DBA19026-9B69-F741-6F81-596F563EDDB5}.Release|Any CPU.ActiveCfg = Release|Any CPU
		{DBA19026-9B69-F741-6F81-596F563EDDB5}.Release|Any CPU.Build.0 = Release|Any CPU
		{1BBABE01-7EA4-56BF-0405-460A19FA12DC}.Debug|Any CPU.ActiveCfg = Debug|Any CPU
		{1BBABE01-7EA4-56BF-0405-460A19FA12DC}.Debug|Any CPU.Build.0 = Debug|Any CPU
		{1BBABE01-7EA4-56BF-0405-460A19FA12DC}.Release|Any CPU.ActiveCfg = Release|Any CPU
		{1BBABE01-7EA4-56BF-0405-460A19FA12DC}.Release|Any CPU.Build.0 = Release|Any CPU
		{40CD7DDD-C2E9-B411-C18D-0120517FA0CD}.Debug|Any CPU.ActiveCfg = Debug|Any CPU
		{40CD7DDD-C2E9-B411-C18D-0120517FA0CD}.Debug|Any CPU.Build.0 = Debug|Any CPU
		{40CD7DDD-C2E9-B411-C18D-0120517FA0CD}.Release|Any CPU.ActiveCfg = Release|Any CPU
		{40CD7DDD-C2E9-B411-C18D-0120517FA0CD}.Release|Any CPU.Build.0 = Release|Any CPU
		{5101E3C7-9841-5ADE-9CF1-6B163C5EB092}.Debug|Any CPU.ActiveCfg = Debug|Any CPU
		{5101E3C7-9841-5ADE-9CF1-6B163C5EB092}.Debug|Any CPU.Build.0 = Debug|Any CPU
		{5101E3C7-9841-5ADE-9CF1-6B163C5EB092}.Release|Any CPU.ActiveCfg = Release|Any CPU
		{5101E3C7-9841-5ADE-9CF1-6B163C5EB092}.Release|Any CPU.Build.0 = Release|Any CPU
		{3A80F389-C5FC-63DD-89B9-620309460968}.Debug|Any CPU.ActiveCfg = Debug|Any CPU
		{3A80F389-C5FC-63DD-89B9-620309460968}.Debug|Any CPU.Build.0 = Debug|Any CPU
		{3A80F389-C5FC-63DD-89B9-620309460968}.Release|Any CPU.ActiveCfg = Release|Any CPU
		{3A80F389-C5FC-63DD-89B9-620309460968}.Release|Any CPU.Build.0 = Release|Any CPU
		{7FAD1B26-2088-BC60-D148-9D68C1B96A15}.Debug|Any CPU.ActiveCfg = Debug|Any CPU
		{7FAD1B26-2088-BC60-D148-9D68C1B96A15}.Debug|Any CPU.Build.0 = Debug|Any CPU
		{7FAD1B26-2088-BC60-D148-9D68C1B96A15}.Release|Any CPU.ActiveCfg = Release|Any CPU
		{7FAD1B26-2088-BC60-D148-9D68C1B96A15}.Release|Any CPU.Build.0 = Release|Any CPU
		{484524B8-2FDA-F32E-25C3-63D6E80CFD62}.Debug|Any CPU.ActiveCfg = Debug|Any CPU
		{484524B8-2FDA-F32E-25C3-63D6E80CFD62}.Debug|Any CPU.Build.0 = Debug|Any CPU
		{484524B8-2FDA-F32E-25C3-63D6E80CFD62}.Release|Any CPU.ActiveCfg = Release|Any CPU
		{484524B8-2FDA-F32E-25C3-63D6E80CFD62}.Release|Any CPU.Build.0 = Release|Any CPU
		{70F75AB2-B19A-5B4B-F779-75FCB09540E9}.Debug|Any CPU.ActiveCfg = Debug|Any CPU
		{70F75AB2-B19A-5B4B-F779-75FCB09540E9}.Debug|Any CPU.Build.0 = Debug|Any CPU
		{70F75AB2-B19A-5B4B-F779-75FCB09540E9}.Release|Any CPU.ActiveCfg = Release|Any CPU
		{70F75AB2-B19A-5B4B-F779-75FCB09540E9}.Release|Any CPU.Build.0 = Release|Any CPU
		{B7AA4ADE-7745-3945-2ABC-D8B04E8A301E}.Debug|Any CPU.ActiveCfg = Debug|Any CPU
		{B7AA4ADE-7745-3945-2ABC-D8B04E8A301E}.Debug|Any CPU.Build.0 = Debug|Any CPU
		{B7AA4ADE-7745-3945-2ABC-D8B04E8A301E}.Release|Any CPU.ActiveCfg = Release|Any CPU
		{B7AA4ADE-7745-3945-2ABC-D8B04E8A301E}.Release|Any CPU.Build.0 = Release|Any CPU
		{C40A7EC4-4287-49F5-4E9D-FA9468759B9C}.Debug|Any CPU.ActiveCfg = Debug|Any CPU
		{C40A7EC4-4287-49F5-4E9D-FA9468759B9C}.Debug|Any CPU.Build.0 = Debug|Any CPU
		{C40A7EC4-4287-49F5-4E9D-FA9468759B9C}.Release|Any CPU.ActiveCfg = Release|Any CPU
		{C40A7EC4-4287-49F5-4E9D-FA9468759B9C}.Release|Any CPU.Build.0 = Release|Any CPU
		{59CC8B93-1771-0C88-5620-BCBD6815EE07}.Debug|Any CPU.ActiveCfg = Debug|Any CPU
		{59CC8B93-1771-0C88-5620-BCBD6815EE07}.Debug|Any CPU.Build.0 = Debug|Any CPU
		{59CC8B93-1771-0C88-5620-BCBD6815EE07}.Release|Any CPU.ActiveCfg = Release|Any CPU
		{59CC8B93-1771-0C88-5620-BCBD6815EE07}.Release|Any CPU.Build.0 = Release|Any CPU
		{0AD6392C-158B-3C98-1DB6-B70DCC9893DF}.Debug|Any CPU.ActiveCfg = Debug|Any CPU
		{0AD6392C-158B-3C98-1DB6-B70DCC9893DF}.Debug|Any CPU.Build.0 = Debug|Any CPU
		{0AD6392C-158B-3C98-1DB6-B70DCC9893DF}.Release|Any CPU.ActiveCfg = Release|Any CPU
		{0AD6392C-158B-3C98-1DB6-B70DCC9893DF}.Release|Any CPU.Build.0 = Release|Any CPU
		{7DDE54D7-E6DF-D8AB-60E6-C708DE56D077}.Debug|Any CPU.ActiveCfg = Debug|Any CPU
		{7DDE54D7-E6DF-D8AB-60E6-C708DE56D077}.Debug|Any CPU.Build.0 = Debug|Any CPU
		{7DDE54D7-E6DF-D8AB-60E6-C708DE56D077}.Release|Any CPU.ActiveCfg = Release|Any CPU
		{7DDE54D7-E6DF-D8AB-60E6-C708DE56D077}.Release|Any CPU.Build.0 = Release|Any CPU
		{EA485265-2B60-2E9E-8B41-23927158079F}.Debug|Any CPU.ActiveCfg = Debug|Any CPU
		{EA485265-2B60-2E9E-8B41-23927158079F}.Debug|Any CPU.Build.0 = Debug|Any CPU
		{EA485265-2B60-2E9E-8B41-23927158079F}.Release|Any CPU.ActiveCfg = Release|Any CPU
		{EA485265-2B60-2E9E-8B41-23927158079F}.Release|Any CPU.Build.0 = Release|Any CPU
		{F6424331-DE36-CE12-21A8-5FCE016EC049}.Debug|Any CPU.ActiveCfg = Debug|Any CPU
		{F6424331-DE36-CE12-21A8-5FCE016EC049}.Debug|Any CPU.Build.0 = Debug|Any CPU
		{F6424331-DE36-CE12-21A8-5FCE016EC049}.Release|Any CPU.ActiveCfg = Release|Any CPU
		{F6424331-DE36-CE12-21A8-5FCE016EC049}.Release|Any CPU.Build.0 = Release|Any CPU
		{7754B203-94CD-7DF6-9DE4-103B4D6773B8}.Debug|Any CPU.ActiveCfg = Debug|Any CPU
		{7754B203-94CD-7DF6-9DE4-103B4D6773B8}.Debug|Any CPU.Build.0 = Debug|Any CPU
		{7754B203-94CD-7DF6-9DE4-103B4D6773B8}.Release|Any CPU.ActiveCfg = Release|Any CPU
		{7754B203-94CD-7DF6-9DE4-103B4D6773B8}.Release|Any CPU.Build.0 = Release|Any CPU
		{049FC73E-8EBD-0D7B-A0AF-B7759B53887F}.Debug|Any CPU.ActiveCfg = Debug|Any CPU
		{049FC73E-8EBD-0D7B-A0AF-B7759B53887F}.Debug|Any CPU.Build.0 = Debug|Any CPU
		{049FC73E-8EBD-0D7B-A0AF-B7759B53887F}.Release|Any CPU.ActiveCfg = Release|Any CPU
		{049FC73E-8EBD-0D7B-A0AF-B7759B53887F}.Release|Any CPU.Build.0 = Release|Any CPU
		{67AB8E55-199A-F305-965B-1B659523BEE6}.Debug|Any CPU.ActiveCfg = Debug|Any CPU
		{67AB8E55-199A-F305-965B-1B659523BEE6}.Debug|Any CPU.Build.0 = Debug|Any CPU
		{67AB8E55-199A-F305-965B-1B659523BEE6}.Release|Any CPU.ActiveCfg = Release|Any CPU
		{67AB8E55-199A-F305-965B-1B659523BEE6}.Release|Any CPU.Build.0 = Release|Any CPU
		{61EF650F-C792-C98A-F413-FCD922C1C732}.Debug|Any CPU.ActiveCfg = Debug|Any CPU
		{61EF650F-C792-C98A-F413-FCD922C1C732}.Debug|Any CPU.Build.0 = Debug|Any CPU
		{61EF650F-C792-C98A-F413-FCD922C1C732}.Release|Any CPU.ActiveCfg = Release|Any CPU
		{61EF650F-C792-C98A-F413-FCD922C1C732}.Release|Any CPU.Build.0 = Release|Any CPU
		{5A9008D6-55FF-B9E0-B98D-52512268EF66}.Debug|Any CPU.ActiveCfg = Debug|Any CPU
		{5A9008D6-55FF-B9E0-B98D-52512268EF66}.Debug|Any CPU.Build.0 = Debug|Any CPU
		{5A9008D6-55FF-B9E0-B98D-52512268EF66}.Release|Any CPU.ActiveCfg = Release|Any CPU
		{5A9008D6-55FF-B9E0-B98D-52512268EF66}.Release|Any CPU.Build.0 = Release|Any CPU
	EndGlobalSection
	GlobalSection(SolutionProperties) = preSolution
		HideSolutionNode = FALSE
	EndGlobalSection
EndGlobal
